
Microsoft Visual Studio Solution File, Format Version 12.00
# Visual Studio 15
VisualStudioVersion = 15.0.28307.271
MinimumVisualStudioVersion = 10.0.40219.1
Project("{FAE04EC0-301F-11D3-BF4B-00C04F79EFBC}") = "DotNetCoreInjectorExtensions", "DotNetCoreInjectorExtensions\DotNetCoreInjectorExtensions.csproj", "{4E4E7DE6-1E7C-43A3-AD61-94C7CB5552DC}"
EndProject
Global
	GlobalSection(SolutionConfigurationPlatforms) = preSolution
		Debug|Any CPU = Debug|Any CPU
		Release|Any CPU = Release|Any CPU
	EndGlobalSection
	GlobalSection(ProjectConfigurationPlatforms) = postSolution
		{4E4E7DE6-1E7C-43A3-AD61-94C7CB5552DC}.Debug|Any CPU.ActiveCfg = Debug|Any CPU
		{4E4E7DE6-1E7C-43A3-AD61-94C7CB5552DC}.Debug|Any CPU.Build.0 = Debug|Any CPU
		{4E4E7DE6-1E7C-43A3-AD61-94C7CB5552DC}.Release|Any CPU.ActiveCfg = Release|Any CPU
		{4E4E7DE6-1E7C-43A3-AD61-94C7CB5552DC}.Release|Any CPU.Build.0 = Release|Any CPU
	EndGlobalSection
	GlobalSection(SolutionProperties) = preSolution
		HideSolutionNode = FALSE
	EndGlobalSection
	GlobalSection(ExtensibilityGlobals) = postSolution
		SolutionGuid = {692D64ED-F8EE-4339-9AEE-48E86BEBB621}
	EndGlobalSection
EndGlobal
